// !$*UTF8*$!
{
	archiveVersion = 1;
	classes = {
	};
	objectVersion = 56;
	objects = {

/* Begin PBXBuildFile section */
		514FFF7C2915F3340067C365 /* WishlistItem.swift in Sources */ = {isa = PBXBuildFile; fileRef = 514FFF7B2915F3340067C365 /* WishlistItem.swift */; };
		517E714B290CC0160088F17E /* AddCategorySheet.swift in Sources */ = {isa = PBXBuildFile; fileRef = 517E714A290CC0160088F17E /* AddCategorySheet.swift */; };
		517E714D290D24F80088F17E /* setupView.swift in Sources */ = {isa = PBXBuildFile; fileRef = 517E714C290D24F70088F17E /* setupView.swift */; };
		D9A9769E290389CE00038F05 /* HomeView.swift in Sources */ = {isa = PBXBuildFile; fileRef = D9A9769D290389CE00038F05 /* HomeView.swift */; };
		D9A976A0290389D700038F05 /* BudgetView.swift in Sources */ = {isa = PBXBuildFile; fileRef = D9A9769F290389D700038F05 /* BudgetView.swift */; };
		D9A976A2290389DD00038F05 /* WishlistView.swift in Sources */ = {isa = PBXBuildFile; fileRef = D9A976A1290389DD00038F05 /* WishlistView.swift */; };
		D9A976A429038BD700038F05 /* Category.swift in Sources */ = {isa = PBXBuildFile; fileRef = D9A976A329038BD700038F05 /* Category.swift */; };
		D9A976A829038BF900038F05 /* Expense.swift in Sources */ = {isa = PBXBuildFile; fileRef = D9A976A729038BF800038F05 /* Expense.swift */; };
		D9A976AA29038F4400038F05 /* ExpensesView.swift in Sources */ = {isa = PBXBuildFile; fileRef = D9A976A929038F4400038F05 /* ExpensesView.swift */; };
		D9A976AC2903965400038F05 /* AddExpenseSheet.swift in Sources */ = {isa = PBXBuildFile; fileRef = D9A976AB2903965400038F05 /* AddExpenseSheet.swift */; };
		D9CF3F2F290CD3880028C1C0 /* CreateWishlistSheet.swift in Sources */ = {isa = PBXBuildFile; fileRef = D9CF3F2E290CD3880028C1C0 /* CreateWishlistSheet.swift */; };
		D9E6983A29037D5B0018B4C7 /* lemoneyApp.swift in Sources */ = {isa = PBXBuildFile; fileRef = D9E6983929037D5B0018B4C7 /* lemoneyApp.swift */; };
		D9E6983C29037D5B0018B4C7 /* ContentView.swift in Sources */ = {isa = PBXBuildFile; fileRef = D9E6983B29037D5B0018B4C7 /* ContentView.swift */; };
		D9E6983E29037D5E0018B4C7 /* Assets.xcassets in Resources */ = {isa = PBXBuildFile; fileRef = D9E6983D29037D5E0018B4C7 /* Assets.xcassets */; };
		D9E6984129037D5E0018B4C7 /* Preview Assets.xcassets in Resources */ = {isa = PBXBuildFile; fileRef = D9E6984029037D5E0018B4C7 /* Preview Assets.xcassets */; };
/* End PBXBuildFile section */

/* Begin PBXFileReference section */
		514FFF7B2915F3340067C365 /* WishlistItem.swift */ = {isa = PBXFileReference; lastKnownFileType = sourcecode.swift; path = WishlistItem.swift; sourceTree = "<group>"; };
		517E714A290CC0160088F17E /* AddCategorySheet.swift */ = {isa = PBXFileReference; lastKnownFileType = sourcecode.swift; path = AddCategorySheet.swift; sourceTree = "<group>"; };
		517E714C290D24F70088F17E /* setupView.swift */ = {isa = PBXFileReference; lastKnownFileType = sourcecode.swift; path = setupView.swift; sourceTree = "<group>"; };
		D9A9769D290389CE00038F05 /* HomeView.swift */ = {isa = PBXFileReference; lastKnownFileType = sourcecode.swift; path = HomeView.swift; sourceTree = "<group>"; };
		D9A9769F290389D700038F05 /* BudgetView.swift */ = {isa = PBXFileReference; lastKnownFileType = sourcecode.swift; path = BudgetView.swift; sourceTree = "<group>"; };
		D9A976A1290389DD00038F05 /* WishlistView.swift */ = {isa = PBXFileReference; lastKnownFileType = sourcecode.swift; path = WishlistView.swift; sourceTree = "<group>"; };
		D9A976A329038BD700038F05 /* Category.swift */ = {isa = PBXFileReference; lastKnownFileType = sourcecode.swift; path = Category.swift; sourceTree = "<group>"; };
		D9A976A729038BF800038F05 /* Expense.swift */ = {isa = PBXFileReference; lastKnownFileType = sourcecode.swift; path = Expense.swift; sourceTree = "<group>"; };
		D9A976A929038F4400038F05 /* ExpensesView.swift */ = {isa = PBXFileReference; lastKnownFileType = sourcecode.swift; path = ExpensesView.swift; sourceTree = "<group>"; };
		D9A976AB2903965400038F05 /* AddExpenseSheet.swift */ = {isa = PBXFileReference; lastKnownFileType = sourcecode.swift; path = AddExpenseSheet.swift; sourceTree = "<group>"; };
		D9CF3F2E290CD3880028C1C0 /* CreateWishlistSheet.swift */ = {isa = PBXFileReference; lastKnownFileType = sourcecode.swift; path = CreateWishlistSheet.swift; sourceTree = "<group>"; };
		D9E6983629037D5B0018B4C7 /* lemoney.app */ = {isa = PBXFileReference; explicitFileType = wrapper.application; includeInIndex = 0; path = lemoney.app; sourceTree = BUILT_PRODUCTS_DIR; };
		D9E6983929037D5B0018B4C7 /* lemoneyApp.swift */ = {isa = PBXFileReference; lastKnownFileType = sourcecode.swift; path = lemoneyApp.swift; sourceTree = "<group>"; };
		D9E6983B29037D5B0018B4C7 /* ContentView.swift */ = {isa = PBXFileReference; lastKnownFileType = sourcecode.swift; path = ContentView.swift; sourceTree = "<group>"; };
		D9E6983D29037D5E0018B4C7 /* Assets.xcassets */ = {isa = PBXFileReference; lastKnownFileType = folder.assetcatalog; path = Assets.xcassets; sourceTree = "<group>"; };
		D9E6984029037D5E0018B4C7 /* Preview Assets.xcassets */ = {isa = PBXFileReference; lastKnownFileType = folder.assetcatalog; path = "Preview Assets.xcassets"; sourceTree = "<group>"; };
/* End PBXFileReference section */

/* Begin PBXFrameworksBuildPhase section */
		D9E6983329037D5B0018B4C7 /* Frameworks */ = {
			isa = PBXFrameworksBuildPhase;
			buildActionMask = 2147483647;
			files = (
			);
			runOnlyForDeploymentPostprocessing = 0;
		};
/* End PBXFrameworksBuildPhase section */

/* Begin PBXGroup section */
		D9E6982D29037D5B0018B4C7 = {
			isa = PBXGroup;
			children = (
				D9E6983829037D5B0018B4C7 /* lemoney */,
				D9E6983729037D5B0018B4C7 /* Products */,
			);
			sourceTree = "<group>";
		};
		D9E6983729037D5B0018B4C7 /* Products */ = {
			isa = PBXGroup;
			children = (
				D9E6983629037D5B0018B4C7 /* lemoney.app */,
			);
			name = Products;
			sourceTree = "<group>";
		};
		D9E6983829037D5B0018B4C7 /* lemoney */ = {
			isa = PBXGroup;
			children = (
				517E714C290D24F70088F17E /* setupView.swift */,
				D9CF3F2E290CD3880028C1C0 /* CreateWishlistSheet.swift */,
				D9E6983929037D5B0018B4C7 /* lemoneyApp.swift */,
				D9E6983B29037D5B0018B4C7 /* ContentView.swift */,
				D9A9769D290389CE00038F05 /* HomeView.swift */,
				D9A9769F290389D700038F05 /* BudgetView.swift */,
				D9A976A329038BD700038F05 /* Category.swift */,
				D9A976A729038BF800038F05 /* Expense.swift */,
				D9A976A929038F4400038F05 /* ExpensesView.swift */,
				D9A976AB2903965400038F05 /* AddExpenseSheet.swift */,
				517E714A290CC0160088F17E /* AddCategorySheet.swift */,
				D9A976A1290389DD00038F05 /* WishlistView.swift */,
				514FFF7B2915F3340067C365 /* WishlistItem.swift */,
				D9E6983D29037D5E0018B4C7 /* Assets.xcassets */,
				D9E6983F29037D5E0018B4C7 /* Preview Content */,
			);
			path = lemoney;
			sourceTree = "<group>";
		};
		D9E6983F29037D5E0018B4C7 /* Preview Content */ = {
			isa = PBXGroup;
			children = (
				D9E6984029037D5E0018B4C7 /* Preview Assets.xcassets */,
			);
			path = "Preview Content";
			sourceTree = "<group>";
		};
/* End PBXGroup section */

/* Begin PBXNativeTarget section */
		D9E6983529037D5B0018B4C7 /* lemoney */ = {
			isa = PBXNativeTarget;
			buildConfigurationList = D9E6984429037D5E0018B4C7 /* Build configuration list for PBXNativeTarget "lemoney" */;
			buildPhases = (
				D9E6983229037D5B0018B4C7 /* Sources */,
				D9E6983329037D5B0018B4C7 /* Frameworks */,
				D9E6983429037D5B0018B4C7 /* Resources */,
			);
			buildRules = (
			);
			dependencies = (
			);
			name = lemoney;
			productName = lemoney;
			productReference = D9E6983629037D5B0018B4C7 /* lemoney.app */;
			productType = "com.apple.product-type.application";
		};
/* End PBXNativeTarget section */

/* Begin PBXProject section */
		D9E6982E29037D5B0018B4C7 /* Project object */ = {
			isa = PBXProject;
			attributes = {
				BuildIndependentTargetsInParallel = 1;
				LastSwiftUpdateCheck = 1400;
				LastUpgradeCheck = 1400;
				TargetAttributes = {
					D9E6983529037D5B0018B4C7 = {
						CreatedOnToolsVersion = 14.0.1;
					};
				};
			};
			buildConfigurationList = D9E6983129037D5B0018B4C7 /* Build configuration list for PBXProject "lemoney" */;
			compatibilityVersion = "Xcode 14.0";
			developmentRegion = en;
			hasScannedForEncodings = 0;
			knownRegions = (
				en,
				Base,
			);
			mainGroup = D9E6982D29037D5B0018B4C7;
			productRefGroup = D9E6983729037D5B0018B4C7 /* Products */;
			projectDirPath = "";
			projectRoot = "";
			targets = (
				D9E6983529037D5B0018B4C7 /* lemoney */,
			);
		};
/* End PBXProject section */

/* Begin PBXResourcesBuildPhase section */
		D9E6983429037D5B0018B4C7 /* Resources */ = {
			isa = PBXResourcesBuildPhase;
			buildActionMask = 2147483647;
			files = (
				D9E6984129037D5E0018B4C7 /* Preview Assets.xcassets in Resources */,
				D9E6983E29037D5E0018B4C7 /* Assets.xcassets in Resources */,
			);
			runOnlyForDeploymentPostprocessing = 0;
		};
/* End PBXResourcesBuildPhase section */

/* Begin PBXSourcesBuildPhase section */
		D9E6983229037D5B0018B4C7 /* Sources */ = {
			isa = PBXSourcesBuildPhase;
			buildActionMask = 2147483647;
			files = (
				D9A976A829038BF900038F05 /* Expense.swift in Sources */,
				517E714B290CC0160088F17E /* AddCategorySheet.swift in Sources */,
				D9A9769E290389CE00038F05 /* HomeView.swift in Sources */,
				D9A976A0290389D700038F05 /* BudgetView.swift in Sources */,
				D9A976AA29038F4400038F05 /* ExpensesView.swift in Sources */,
				D9CF3F2F290CD3880028C1C0 /* CreateWishlistSheet.swift in Sources */,
				D9A976AC2903965400038F05 /* AddExpenseSheet.swift in Sources */,
				D9E6983C29037D5B0018B4C7 /* ContentView.swift in Sources */,
				517E714D290D24F80088F17E /* setupView.swift in Sources */,
				D9A976A2290389DD00038F05 /* WishlistView.swift in Sources */,
				514FFF7C2915F3340067C365 /* WishlistItem.swift in Sources */,
				D9E6983A29037D5B0018B4C7 /* lemoneyApp.swift in Sources */,
				D9A976A429038BD700038F05 /* Category.swift in Sources */,
			);
			runOnlyForDeploymentPostprocessing = 0;
		};
/* End PBXSourcesBuildPhase section */

/* Begin XCBuildConfiguration section */
		D9E6984229037D5E0018B4C7 /* Debug */ = {
			isa = XCBuildConfiguration;
			buildSettings = {
				ALWAYS_SEARCH_USER_PATHS = NO;
				CLANG_ANALYZER_NONNULL = YES;
				CLANG_ANALYZER_NUMBER_OBJECT_CONVERSION = YES_AGGRESSIVE;
				CLANG_CXX_LANGUAGE_STANDARD = "gnu++20";
				CLANG_ENABLE_MODULES = YES;
				CLANG_ENABLE_OBJC_ARC = YES;
				CLANG_ENABLE_OBJC_WEAK = YES;
				CLANG_WARN_BLOCK_CAPTURE_AUTORELEASING = YES;
				CLANG_WARN_BOOL_CONVERSION = YES;
				CLANG_WARN_COMMA = YES;
				CLANG_WARN_CONSTANT_CONVERSION = YES;
				CLANG_WARN_DEPRECATED_OBJC_IMPLEMENTATIONS = YES;
				CLANG_WARN_DIRECT_OBJC_ISA_USAGE = YES_ERROR;
				CLANG_WARN_DOCUMENTATION_COMMENTS = YES;
				CLANG_WARN_EMPTY_BODY = YES;
				CLANG_WARN_ENUM_CONVERSION = YES;
				CLANG_WARN_INFINITE_RECURSION = YES;
				CLANG_WARN_INT_CONVERSION = YES;
				CLANG_WARN_NON_LITERAL_NULL_CONVERSION = YES;
				CLANG_WARN_OBJC_IMPLICIT_RETAIN_SELF = YES;
				CLANG_WARN_OBJC_LITERAL_CONVERSION = YES;
				CLANG_WARN_OBJC_ROOT_CLASS = YES_ERROR;
				CLANG_WARN_QUOTED_INCLUDE_IN_FRAMEWORK_HEADER = YES;
				CLANG_WARN_RANGE_LOOP_ANALYSIS = YES;
				CLANG_WARN_STRICT_PROTOTYPES = YES;
				CLANG_WARN_SUSPICIOUS_MOVE = YES;
				CLANG_WARN_UNGUARDED_AVAILABILITY = YES_AGGRESSIVE;
				CLANG_WARN_UNREACHABLE_CODE = YES;
				CLANG_WARN__DUPLICATE_METHOD_MATCH = YES;
				COPY_PHASE_STRIP = NO;
				DEBUG_INFORMATION_FORMAT = dwarf;
				ENABLE_STRICT_OBJC_MSGSEND = YES;
				ENABLE_TESTABILITY = YES;
				GCC_C_LANGUAGE_STANDARD = gnu11;
				GCC_DYNAMIC_NO_PIC = NO;
				GCC_NO_COMMON_BLOCKS = YES;
				GCC_OPTIMIZATION_LEVEL = 0;
				GCC_PREPROCESSOR_DEFINITIONS = (
					"DEBUG=1",
					"$(inherited)",
				);
				GCC_WARN_64_TO_32_BIT_CONVERSION = YES;
				GCC_WARN_ABOUT_RETURN_TYPE = YES_ERROR;
				GCC_WARN_UNDECLARED_SELECTOR = YES;
				GCC_WARN_UNINITIALIZED_AUTOS = YES_AGGRESSIVE;
				GCC_WARN_UNUSED_FUNCTION = YES;
				GCC_WARN_UNUSED_VARIABLE = YES;
				IPHONEOS_DEPLOYMENT_TARGET = 16.0;
				MTL_ENABLE_DEBUG_INFO = INCLUDE_SOURCE;
				MTL_FAST_MATH = YES;
				ONLY_ACTIVE_ARCH = YES;
				SDKROOT = iphoneos;
				SWIFT_ACTIVE_COMPILATION_CONDITIONS = DEBUG;
				SWIFT_OPTIMIZATION_LEVEL = "-Onone";
			};
			name = Debug;
		};
		D9E6984329037D5E0018B4C7 /* Release */ = {
			isa = XCBuildConfiguration;
			buildSettings = {
				ALWAYS_SEARCH_USER_PATHS = NO;
				CLANG_ANALYZER_NONNULL = YES;
				CLANG_ANALYZER_NUMBER_OBJECT_CONVERSION = YES_AGGRESSIVE;
				CLANG_CXX_LANGUAGE_STANDARD = "gnu++20";
				CLANG_ENABLE_MODULES = YES;
				CLANG_ENABLE_OBJC_ARC = YES;
				CLANG_ENABLE_OBJC_WEAK = YES;
				CLANG_WARN_BLOCK_CAPTURE_AUTORELEASING = YES;
				CLANG_WARN_BOOL_CONVERSION = YES;
				CLANG_WARN_COMMA = YES;
				CLANG_WARN_CONSTANT_CONVERSION = YES;
				CLANG_WARN_DEPRECATED_OBJC_IMPLEMENTATIONS = YES;
				CLANG_WARN_DIRECT_OBJC_ISA_USAGE = YES_ERROR;
				CLANG_WARN_DOCUMENTATION_COMMENTS = YES;
				CLANG_WARN_EMPTY_BODY = YES;
				CLANG_WARN_ENUM_CONVERSION = YES;
				CLANG_WARN_INFINITE_RECURSION = YES;
				CLANG_WARN_INT_CONVERSION = YES;
				CLANG_WARN_NON_LITERAL_NULL_CONVERSION = YES;
				CLANG_WARN_OBJC_IMPLICIT_RETAIN_SELF = YES;
				CLANG_WARN_OBJC_LITERAL_CONVERSION = YES;
				CLANG_WARN_OBJC_ROOT_CLASS = YES_ERROR;
				CLANG_WARN_QUOTED_INCLUDE_IN_FRAMEWORK_HEADER = YES;
				CLANG_WARN_RANGE_LOOP_ANALYSIS = YES;
				CLANG_WARN_STRICT_PROTOTYPES = YES;
				CLANG_WARN_SUSPICIOUS_MOVE = YES;
				CLANG_WARN_UNGUARDED_AVAILABILITY = YES_AGGRESSIVE;
				CLANG_WARN_UNREACHABLE_CODE = YES;
				CLANG_WARN__DUPLICATE_METHOD_MATCH = YES;
				COPY_PHASE_STRIP = NO;
				DEBUG_INFORMATION_FORMAT = "dwarf-with-dsym";
				ENABLE_NS_ASSERTIONS = NO;
				ENABLE_STRICT_OBJC_MSGSEND = YES;
				GCC_C_LANGUAGE_STANDARD = gnu11;
				GCC_NO_COMMON_BLOCKS = YES;
				GCC_WARN_64_TO_32_BIT_CONVERSION = YES;
				GCC_WARN_ABOUT_RETURN_TYPE = YES_ERROR;
				GCC_WARN_UNDECLARED_SELECTOR = YES;
				GCC_WARN_UNINITIALIZED_AUTOS = YES_AGGRESSIVE;
				GCC_WARN_UNUSED_FUNCTION = YES;
				GCC_WARN_UNUSED_VARIABLE = YES;
				IPHONEOS_DEPLOYMENT_TARGET = 16.0;
				MTL_ENABLE_DEBUG_INFO = NO;
				MTL_FAST_MATH = YES;
				SDKROOT = iphoneos;
				SWIFT_COMPILATION_MODE = wholemodule;
				SWIFT_OPTIMIZATION_LEVEL = "-O";
				VALIDATE_PRODUCT = YES;
			};
			name = Release;
		};
		D9E6984529037D5E0018B4C7 /* Debug */ = {
			isa = XCBuildConfiguration;
			buildSettings = {
				ASSETCATALOG_COMPILER_APPICON_NAME = AppIcon;
				ASSETCATALOG_COMPILER_GLOBAL_ACCENT_COLOR_NAME = AccentColor;
				CODE_SIGN_STYLE = Automatic;
				CURRENT_PROJECT_VERSION = 1;
				DEVELOPMENT_ASSET_PATHS = "\"lemoney/Preview Content\"";
				ENABLE_PREVIEWS = YES;
				GENERATE_INFOPLIST_FILE = YES;
				INFOPLIST_KEY_UIApplicationSceneManifest_Generation = YES;
				INFOPLIST_KEY_UIApplicationSupportsIndirectInputEvents = YES;
				INFOPLIST_KEY_UILaunchScreen_Generation = YES;
				INFOPLIST_KEY_UISupportedInterfaceOrientations_iPad = "UIInterfaceOrientationPortrait UIInterfaceOrientationPortraitUpsideDown UIInterfaceOrientationLandscapeLeft UIInterfaceOrientationLandscapeRight";
				INFOPLIST_KEY_UISupportedInterfaceOrientations_iPhone = "UIInterfaceOrientationPortrait UIInterfaceOrientationLandscapeLeft UIInterfaceOrientationLandscapeRight";
				LD_RUNPATH_SEARCH_PATHS = (
					"$(inherited)",
					"@executable_path/Frameworks",
				);
				MARKETING_VERSION = 1.0;
				PRODUCT_BUNDLE_IDENTIFIER = com.dishita.lemoney;
				PRODUCT_NAME = "$(TARGET_NAME)";
				SWIFT_EMIT_LOC_STRINGS = YES;
				SWIFT_VERSION = 5.0;
				TARGETED_DEVICE_FAMILY = "1,2";
			};
			name = Debug;
		};
		D9E6984629037D5E0018B4C7 /* Release */ = {
			isa = XCBuildConfiguration;
			buildSettings = {
				ASSETCATALOG_COMPILER_APPICON_NAME = AppIcon;
				ASSETCATALOG_COMPILER_GLOBAL_ACCENT_COLOR_NAME = AccentColor;
				CODE_SIGN_STYLE = Automatic;
				CURRENT_PROJECT_VERSION = 1;
				DEVELOPMENT_ASSET_PATHS = "\"lemoney/Preview Content\"";
				ENABLE_PREVIEWS = YES;
				GENERATE_INFOPLIST_FILE = YES;
				INFOPLIST_KEY_UIApplicationSceneManifest_Generation = YES;
				INFOPLIST_KEY_UIApplicationSupportsIndirectInputEvents = YES;
				INFOPLIST_KEY_UILaunchScreen_Generation = YES;
				INFOPLIST_KEY_UISupportedInterfaceOrientations_iPad = "UIInterfaceOrientationPortrait UIInterfaceOrientationPortraitUpsideDown UIInterfaceOrientationLandscapeLeft UIInterfaceOrientationLandscapeRight";
				INFOPLIST_KEY_UISupportedInterfaceOrientations_iPhone = "UIInterfaceOrientationPortrait UIInterfaceOrientationLandscapeLeft UIInterfaceOrientationLandscapeRight";
				LD_RUNPATH_SEARCH_PATHS = (
					"$(inherited)",
					"@executable_path/Frameworks",
				);
				MARKETING_VERSION = 1.0;
				PRODUCT_BUNDLE_IDENTIFIER = com.dishita.lemoney;
				PRODUCT_NAME = "$(TARGET_NAME)";
				SWIFT_EMIT_LOC_STRINGS = YES;
				SWIFT_VERSION = 5.0;
				TARGETED_DEVICE_FAMILY = "1,2";
			};
			name = Release;
		};
/* End XCBuildConfiguration section */

/* Begin XCConfigurationList section */
		D9E6983129037D5B0018B4C7 /* Build configuration list for PBXProject "lemoney" */ = {
			isa = XCConfigurationList;
			buildConfigurations = (
				D9E6984229037D5E0018B4C7 /* Debug */,
				D9E6984329037D5E0018B4C7 /* Release */,
			);
			defaultConfigurationIsVisible = 0;
			defaultConfigurationName = Release;
		};
		D9E6984429037D5E0018B4C7 /* Build configuration list for PBXNativeTarget "lemoney" */ = {
			isa = XCConfigurationList;
			buildConfigurations = (
				D9E6984529037D5E0018B4C7 /* Debug */,
				D9E6984629037D5E0018B4C7 /* Release */,
			);
			defaultConfigurationIsVisible = 0;
			defaultConfigurationName = Release;
		};
/* End XCConfigurationList section */
	};
	rootObject = D9E6982E29037D5B0018B4C7 /* Project object */;
}
